
Microsoft Visual Studio Solution File, Format Version 12.00
Project("{FAE04EC0-301F-11D3-BF4B-00C04F79EFBC}") = "Application", "Application\Application.csproj", "{57136C9E-B8A1-4453-A931-B818C6E379EE}"
EndProject
Project("{FAE04EC0-301F-11D3-BF4B-00C04F79EFBC}") = "Domain", "Domain\Domain.csproj", "{619B0848-1890-49CA-8182-FC8A3C4AD347}"
EndProject
Project("{FAE04EC0-301F-11D3-BF4B-00C04F79EFBC}") = "Controllers", "Controllers\Controllers.csproj", "{4F25CAFA-DE25-4533-9F58-2776B9532FE3}"
EndProject
Global
	GlobalSection(SolutionConfigurationPlatforms) = preSolution
		Debug|Any CPU = Debug|Any CPU
		Release|Any CPU = Release|Any CPU
	EndGlobalSection
	GlobalSection(ProjectConfigurationPlatforms) = postSolution
		{57136C9E-B8A1-4453-A931-B818C6E379EE}.Debug|Any CPU.ActiveCfg = Debug|Any CPU
		{57136C9E-B8A1-4453-A931-B818C6E379EE}.Debug|Any CPU.Build.0 = Debug|Any CPU
		{57136C9E-B8A1-4453-A931-B818C6E379EE}.Release|Any CPU.ActiveCfg = Release|Any CPU
		{57136C9E-B8A1-4453-A931-B818C6E379EE}.Release|Any CPU.Build.0 = Release|Any CPU
		{619B0848-1890-49CA-8182-FC8A3C4AD347}.Debug|Any CPU.ActiveCfg = Debug|Any CPU
		{619B0848-1890-49CA-8182-FC8A3C4AD347}.Debug|Any CPU.Build.0 = Debug|Any CPU
		{619B0848-1890-49CA-8182-FC8A3C4AD347}.Release|Any CPU.ActiveCfg = Release|Any CPU
		{619B0848-1890-49CA-8182-FC8A3C4AD347}.Release|Any CPU.Build.0 = Release|Any CPU
		{4F25CAFA-DE25-4533-9F58-2776B9532FE3}.Debug|Any CPU.ActiveCfg = Debug|Any CPU
		{4F25CAFA-DE25-4533-9F58-2776B9532FE3}.Debug|Any CPU.Build.0 = Debug|Any CPU
		{4F25CAFA-DE25-4533-9F58-2776B9532FE3}.Release|Any CPU.ActiveCfg = Release|Any CPU
		{4F25CAFA-DE25-4533-9F58-2776B9532FE3}.Release|Any CPU.Build.0 = Release|Any CPU
	EndGlobalSection
	GlobalSection(NestedProjects) = preSolution
	EndGlobalSection
EndGlobal
